
Microsoft Visual Studio Solution File, Format Version 12.00
# Visual Studio Version 16
VisualStudioVersion = 16.0.29613.14
MinimumVisualStudioVersion = 10.0.40219.1
Project("{FAE04EC0-301F-11D3-BF4B-00C04F79EFBC}") = "net-core-bootcamp-b1-aytekin", "net-core-bootcamp-b1-aytekin.csproj", "{8AFBEFB5-29F5-4647-91AA-E6E75E326EED}"
EndProject
Global
	GlobalSection(SolutionConfigurationPlatforms) = preSolution
		Debug|Any CPU = Debug|Any CPU
		Release|Any CPU = Release|Any CPU
	EndGlobalSection
	GlobalSection(ProjectConfigurationPlatforms) = postSolution
		{8AFBEFB5-29F5-4647-91AA-E6E75E326EED}.Debug|Any CPU.ActiveCfg = Debug|Any CPU
		{8AFBEFB5-29F5-4647-91AA-E6E75E326EED}.Debug|Any CPU.Build.0 = Debug|Any CPU
		{8AFBEFB5-29F5-4647-91AA-E6E75E326EED}.Release|Any CPU.ActiveCfg = Release|Any CPU
		{8AFBEFB5-29F5-4647-91AA-E6E75E326EED}.Release|Any CPU.Build.0 = Release|Any CPU
	EndGlobalSection
	GlobalSection(SolutionProperties) = preSolution
		HideSolutionNode = FALSE
	EndGlobalSection
	GlobalSection(ExtensibilityGlobals) = postSolution
		SolutionGuid = {33E08A31-D135-4806-8344-CD2608930E6F}
	EndGlobalSection
EndGlobal
